
Microsoft Visual Studio Solution File, Format Version 12.00
# Visual Studio 14
VisualStudioVersion = 14.0.25420.1
MinimumVisualStudioVersion = 10.0.40219.1
Project("{FAE04EC0-301F-11D3-BF4B-00C04F79EFBC}") = "web", "微信功能了解\web.csproj", "{FD06B6F7-C72B-4318-B9E4-C4E17540A444}"
EndProject
Project("{FAE04EC0-301F-11D3-BF4B-00C04F79EFBC}") = "Controller", "Controller\Controller.csproj", "{4CBD7788-1C63-402E-ABB5-CEA75E053E67}"
EndProject
Project("{FAE04EC0-301F-11D3-BF4B-00C04F79EFBC}") = "Helper", "Helper\Helper.csproj", "{F910A939-B905-43AE-A0AD-E3883726CA29}"
EndProject
Project("{FAE04EC0-301F-11D3-BF4B-00C04F79EFBC}") = "Models", "Models\Models.csproj", "{78E8C2B0-7E32-42FD-9DE9-03BA9242AA29}"
EndProject
Project("{FAE04EC0-301F-11D3-BF4B-00C04F79EFBC}") = "IvanXiao", "IvanXiao\IvanXiao\IvanXiao.csproj", "{D9E314E7-B86F-4C06-98F4-2B1590961A8E}"
EndProject
Global
	GlobalSection(SolutionConfigurationPlatforms) = preSolution
		Debug|Any CPU = Debug|Any CPU
		Debug|x86 = Debug|x86
		Release|Any CPU = Release|Any CPU
		Release|x86 = Release|x86
		Test|Any CPU = Test|Any CPU
		Test|x86 = Test|x86
	EndGlobalSection
	GlobalSection(ProjectConfigurationPlatforms) = postSolution
		{FD06B6F7-C72B-4318-B9E4-C4E17540A444}.Debug|Any CPU.ActiveCfg = Debug|Any CPU
		{FD06B6F7-C72B-4318-B9E4-C4E17540A444}.Debug|Any CPU.Build.0 = Debug|Any CPU
		{FD06B6F7-C72B-4318-B9E4-C4E17540A444}.Debug|x86.ActiveCfg = Debug|Any CPU
		{FD06B6F7-C72B-4318-B9E4-C4E17540A444}.Release|Any CPU.ActiveCfg = Release|Any CPU
		{FD06B6F7-C72B-4318-B9E4-C4E17540A444}.Release|Any CPU.Build.0 = Release|Any CPU
		{FD06B6F7-C72B-4318-B9E4-C4E17540A444}.Release|x86.ActiveCfg = Release|Any CPU
		{FD06B6F7-C72B-4318-B9E4-C4E17540A444}.Test|Any CPU.ActiveCfg = Release|Any CPU
		{FD06B6F7-C72B-4318-B9E4-C4E17540A444}.Test|Any CPU.Build.0 = Release|Any CPU
		{FD06B6F7-C72B-4318-B9E4-C4E17540A444}.Test|x86.ActiveCfg = Release|Any CPU
		{4CBD7788-1C63-402E-ABB5-CEA75E053E67}.Debug|Any CPU.ActiveCfg = Debug|Any CPU
		{4CBD7788-1C63-402E-ABB5-CEA75E053E67}.Debug|Any CPU.Build.0 = Debug|Any CPU
		{4CBD7788-1C63-402E-ABB5-CEA75E053E67}.Debug|x86.ActiveCfg = Debug|Any CPU
		{4CBD7788-1C63-402E-ABB5-CEA75E053E67}.Release|Any CPU.ActiveCfg = Release|Any CPU
		{4CBD7788-1C63-402E-ABB5-CEA75E053E67}.Release|Any CPU.Build.0 = Release|Any CPU
		{4CBD7788-1C63-402E-ABB5-CEA75E053E67}.Release|x86.ActiveCfg = Release|Any CPU
		{4CBD7788-1C63-402E-ABB5-CEA75E053E67}.Test|Any CPU.ActiveCfg = Release|Any CPU
		{4CBD7788-1C63-402E-ABB5-CEA75E053E67}.Test|Any CPU.Build.0 = Release|Any CPU
		{4CBD7788-1C63-402E-ABB5-CEA75E053E67}.Test|x86.ActiveCfg = Release|Any CPU
		{F910A939-B905-43AE-A0AD-E3883726CA29}.Debug|Any CPU.ActiveCfg = Debug|Any CPU
		{F910A939-B905-43AE-A0AD-E3883726CA29}.Debug|Any CPU.Build.0 = Debug|Any CPU
		{F910A939-B905-43AE-A0AD-E3883726CA29}.Debug|x86.ActiveCfg = Debug|Any CPU
		{F910A939-B905-43AE-A0AD-E3883726CA29}.Release|Any CPU.ActiveCfg = Release|Any CPU
		{F910A939-B905-43AE-A0AD-E3883726CA29}.Release|Any CPU.Build.0 = Release|Any CPU
		{F910A939-B905-43AE-A0AD-E3883726CA29}.Release|x86.ActiveCfg = Release|Any CPU
		{F910A939-B905-43AE-A0AD-E3883726CA29}.Test|Any CPU.ActiveCfg = Release|Any CPU
		{F910A939-B905-43AE-A0AD-E3883726CA29}.Test|Any CPU.Build.0 = Release|Any CPU
		{F910A939-B905-43AE-A0AD-E3883726CA29}.Test|x86.ActiveCfg = Release|Any CPU
		{78E8C2B0-7E32-42FD-9DE9-03BA9242AA29}.Debug|Any CPU.ActiveCfg = Debug|Any CPU
		{78E8C2B0-7E32-42FD-9DE9-03BA9242AA29}.Debug|Any CPU.Build.0 = Debug|Any CPU
		{78E8C2B0-7E32-42FD-9DE9-03BA9242AA29}.Debug|x86.ActiveCfg = Debug|Any CPU
		{78E8C2B0-7E32-42FD-9DE9-03BA9242AA29}.Release|Any CPU.ActiveCfg = Release|Any CPU
		{78E8C2B0-7E32-42FD-9DE9-03BA9242AA29}.Release|Any CPU.Build.0 = Release|Any CPU
		{78E8C2B0-7E32-42FD-9DE9-03BA9242AA29}.Release|x86.ActiveCfg = Release|Any CPU
		{78E8C2B0-7E32-42FD-9DE9-03BA9242AA29}.Test|Any CPU.ActiveCfg = Release|Any CPU
		{78E8C2B0-7E32-42FD-9DE9-03BA9242AA29}.Test|Any CPU.Build.0 = Release|Any CPU
		{78E8C2B0-7E32-42FD-9DE9-03BA9242AA29}.Test|x86.ActiveCfg = Release|Any CPU
		{D9E314E7-B86F-4C06-98F4-2B1590961A8E}.Debug|Any CPU.ActiveCfg = Debug|Any CPU
		{D9E314E7-B86F-4C06-98F4-2B1590961A8E}.Debug|Any CPU.Build.0 = Debug|Any CPU
		{D9E314E7-B86F-4C06-98F4-2B1590961A8E}.Debug|x86.ActiveCfg = Debug|Any CPU
		{D9E314E7-B86F-4C06-98F4-2B1590961A8E}.Debug|x86.Build.0 = Debug|Any CPU
		{D9E314E7-B86F-4C06-98F4-2B1590961A8E}.Release|Any CPU.ActiveCfg = Release|Any CPU
		{D9E314E7-B86F-4C06-98F4-2B1590961A8E}.Release|Any CPU.Build.0 = Release|Any CPU
		{D9E314E7-B86F-4C06-98F4-2B1590961A8E}.Release|x86.ActiveCfg = Release|Any CPU
		{D9E314E7-B86F-4C06-98F4-2B1590961A8E}.Release|x86.Build.0 = Release|Any CPU
		{D9E314E7-B86F-4C06-98F4-2B1590961A8E}.Test|Any CPU.ActiveCfg = Release|Any CPU
		{D9E314E7-B86F-4C06-98F4-2B1590961A8E}.Test|Any CPU.Build.0 = Release|Any CPU
		{D9E314E7-B86F-4C06-98F4-2B1590961A8E}.Test|x86.ActiveCfg = Release|Any CPU
		{D9E314E7-B86F-4C06-98F4-2B1590961A8E}.Test|x86.Build.0 = Release|Any CPU
	EndGlobalSection
	GlobalSection(SolutionProperties) = preSolution
		HideSolutionNode = FALSE
	EndGlobalSection
EndGlobal
